
Microsoft Visual Studio Solution File, Format Version 12.00
Project("{FAE04EC0-301F-11D3-BF4B-00C04F79EFBC}") = "Frontend", "Frontend\Frontend.csproj", "{13AD45AE-8F51-4F21-A151-DCFE19F526FA}"
EndProject
Project("{FAE04EC0-301F-11D3-BF4B-00C04F79EFBC}") = "RestAPI", "RestAPI\RestAPI.csproj", "{6BAD6661-F5AC-4981-9DC3-1885479EF4D7}"
EndProject
Project("{FAE04EC0-301F-11D3-BF4B-00C04F79EFBC}") = "RestAPI.Domain", "RestAPI.Domain\RestAPI.Domain.csproj", "{B6782726-E8BA-44FB-BDAE-38203DCD3F43}"
EndProject
Project("{FAE04EC0-301F-11D3-BF4B-00C04F79EFBC}") = "RestAPI.Domain.Data", "RestAPI.Domain.Data\RestAPI.Domain.Data.csproj", "{DF33E3F7-0A67-4DA8-9774-84B004D99D5C}"
EndProject
Global
	GlobalSection(SolutionConfigurationPlatforms) = preSolution
		Debug|Any CPU = Debug|Any CPU
		Release|Any CPU = Release|Any CPU
	EndGlobalSection
	GlobalSection(ProjectConfigurationPlatforms) = postSolution
		{13AD45AE-8F51-4F21-A151-DCFE19F526FA}.Debug|Any CPU.ActiveCfg = Debug|Any CPU
		{13AD45AE-8F51-4F21-A151-DCFE19F526FA}.Debug|Any CPU.Build.0 = Debug|Any CPU
		{13AD45AE-8F51-4F21-A151-DCFE19F526FA}.Release|Any CPU.ActiveCfg = Release|Any CPU
		{13AD45AE-8F51-4F21-A151-DCFE19F526FA}.Release|Any CPU.Build.0 = Release|Any CPU
		{6BAD6661-F5AC-4981-9DC3-1885479EF4D7}.Debug|Any CPU.ActiveCfg = Debug|Any CPU
		{6BAD6661-F5AC-4981-9DC3-1885479EF4D7}.Debug|Any CPU.Build.0 = Debug|Any CPU
		{6BAD6661-F5AC-4981-9DC3-1885479EF4D7}.Release|Any CPU.ActiveCfg = Release|Any CPU
		{6BAD6661-F5AC-4981-9DC3-1885479EF4D7}.Release|Any CPU.Build.0 = Release|Any CPU
		{B6782726-E8BA-44FB-BDAE-38203DCD3F43}.Debug|Any CPU.ActiveCfg = Debug|Any CPU
		{B6782726-E8BA-44FB-BDAE-38203DCD3F43}.Debug|Any CPU.Build.0 = Debug|Any CPU
		{B6782726-E8BA-44FB-BDAE-38203DCD3F43}.Release|Any CPU.ActiveCfg = Release|Any CPU
		{B6782726-E8BA-44FB-BDAE-38203DCD3F43}.Release|Any CPU.Build.0 = Release|Any CPU
		{DF33E3F7-0A67-4DA8-9774-84B004D99D5C}.Debug|Any CPU.ActiveCfg = Debug|Any CPU
		{DF33E3F7-0A67-4DA8-9774-84B004D99D5C}.Debug|Any CPU.Build.0 = Debug|Any CPU
		{DF33E3F7-0A67-4DA8-9774-84B004D99D5C}.Release|Any CPU.ActiveCfg = Release|Any CPU
		{DF33E3F7-0A67-4DA8-9774-84B004D99D5C}.Release|Any CPU.Build.0 = Release|Any CPU
	EndGlobalSection
EndGlobal
